github.com/bitmaskit/notifications/channel v0.0.0-20240717082714-b79be47b0385 h1:BykpGzsoF+SjPSFNbXJT6XQUvXNWZcloDWmATUOXjL4=
github.com/bitmaskit/notifications/channel v0.0.0-20240717082714-b79be47b0385/go.mod h1:sPr8AV9RZDW0J7UehyfjXkQUooMoFj/Z8mgafrwrFyU=
github.com/bitmaskit/notifications/model v0.0.0-20240717082714-b79be47b0385 h1:adzWBS31tESmoD6k5a02gDP0WTstd74bc8nckpsfeuo=
github.com/bitmaskit/notifications/model v0.0.0-20240717082714-b79be47b0385/go.mod h1:sIYRYmyQnfkxcYLz0q85Ex9ZEBiPzi5T+2c3Im1Xyrw=
